// !$*UTF8*$!
{
	archiveVersion = 1;
	classes = {
	};
	objectVersion = 46;
	objects = {

/* Begin PBXBuildFile section */
		14D2E8F90DEF831F00195E03 /* MainWindow.xib in Resources */ = {isa = PBXBuildFile; fileRef = 14D2E8F80DEF831F00195E03 /* MainWindow.xib */; };
		188D3E9A0D6D207B0076AE1E /* CoreGraphics.framework in Frameworks */ = {isa = PBXBuildFile; fileRef = 1D3623EB0D0F72F000981E51 /* CoreGraphics.framework */; };
		1D60589B0D05DD56006BFB54 /* main.m in Sources */ = {isa = PBXBuildFile; fileRef = 29B97316FDCFA39411CA2CEA /* main.m */; };
		1D60589F0D05DD5A006BFB54 /* Foundation.framework in Frameworks */ = {isa = PBXBuildFile; fileRef = 1D30AB110D05D00D00671497 /* Foundation.framework */; };
		1DF5F4E00D08C38300B7A737 /* UIKit.framework in Frameworks */ = {isa = PBXBuildFile; fileRef = 1DF5F4DF0D08C38300B7A737 /* UIKit.framework */; };
		30D873970D76212900B213B8 /* AppDelegate.m in Sources */ = {isa = PBXBuildFile; fileRef = 30D873960D76212900B213B8 /* AppDelegate.m */; };
		6390467F0F7C386600F2FB94 /* MainViewController.m in Sources */ = {isa = PBXBuildFile; fileRef = 6390467E0F7C386600F2FB94 /* MainViewController.m */; };
		639046B00F7C400300F2FB94 /* AccelerometerFilter.m in Sources */ = {isa = PBXBuildFile; fileRef = 639046AF0F7C400300F2FB94 /* AccelerometerFilter.m */; };
		6390470D0F7C4B3B00F2FB94 /* GraphView.m in Sources */ = {isa = PBXBuildFile; fileRef = 6390470C0F7C4B3B00F2FB94 /* GraphView.m */; };
		639A50BA0FDB1BC9007BE898 /* Localizable.strings in Resources */ = {isa = PBXBuildFile; fileRef = 639A50B80FDB1BC9007BE898 /* Localizable.strings */; };
		63ABFA440FDDCA4800218D27 /* MainViewController.xib in Resources */ = {isa = PBXBuildFile; fileRef = 63ABFA420FDDCA4800218D27 /* MainViewController.xib */; };
		63D21B500F93E74800361BAB /* QuartzCore.framework in Frameworks */ = {isa = PBXBuildFile; fileRef = 63D21B4F0F93E74800361BAB /* QuartzCore.framework */; };
		D6102D6915A254C900B2F814 /* CoreMotion.framework in Frameworks */ = {isa = PBXBuildFile; fileRef = D6102D6815A254C900B2F814 /* CoreMotion.framework */; };
		D6102D7915A2924500B2F814 /* LJFlipsideViewController.m in Sources */ = {isa = PBXBuildFile; fileRef = D6102D7815A2924500B2F814 /* LJFlipsideViewController.m */; };
		D6102D7C15A2926500B2F814 /* LJFlipsideViewController.xib in Resources */ = {isa = PBXBuildFile; fileRef = D6102D7B15A2926500B2F814 /* LJFlipsideViewController.xib */; };
		D6102D8015A296A400B2F814 /* ReportViewController.m in Sources */ = {isa = PBXBuildFile; fileRef = D6102D7E15A296A400B2F814 /* ReportViewController.m */; };
		D6102D8115A296A400B2F814 /* ReportViewController.xib in Resources */ = {isa = PBXBuildFile; fileRef = D6102D7F15A296A400B2F814 /* ReportViewController.xib */; };
		D6102D9A15A48E5400B2F814 /* LJWebViewController.m in Sources */ = {isa = PBXBuildFile; fileRef = D6102D9815A48E5300B2F814 /* LJWebViewController.m */; };
		D6102D9B15A48E5400B2F814 /* LJWebViewController.xib in Resources */ = {isa = PBXBuildFile; fileRef = D6102D9915A48E5400B2F814 /* LJWebViewController.xib */; };
		D6102DA015A48F2900B2F814 /* SVProgressHUD.bundle in Resources */ = {isa = PBXBuildFile; fileRef = D6102D9D15A48F2900B2F814 /* SVProgressHUD.bundle */; };
		D6102DA115A48F2900B2F814 /* SVProgressHUD.m in Sources */ = {isa = PBXBuildFile; fileRef = D6102D9F15A48F2900B2F814 /* SVProgressHUD.m */; };
		D6102DA815A4BDB900B2F814 /* Prefs.m in Sources */ = {isa = PBXBuildFile; fileRef = D6102DA715A4BDB800B2F814 /* Prefs.m */; };
		D6102DAA15A4BDD500B2F814 /* Clubs.plist in Resources */ = {isa = PBXBuildFile; fileRef = D6102DA915A4BDD500B2F814 /* Clubs.plist */; };
		D6102E1815A6547600B2F814 /* Sample-2.png in Resources */ = {isa = PBXBuildFile; fileRef = D6102E1415A6547600B2F814 /* Sample-2.png */; };
		D6102E1915A6547600B2F814 /* Sample-3.png in Resources */ = {isa = PBXBuildFile; fileRef = D6102E1515A6547600B2F814 /* Sample-3.png */; };
		D6102E1D15A655D700B2F814 /* Sample-1.png in Resources */ = {isa = PBXBuildFile; fileRef = D6102E1B15A655D700B2F814 /* Sample-1.png */; };
		D6102E1E15A655D700B2F814 /* Sample-4.png in Resources */ = {isa = PBXBuildFile; fileRef = D6102E1C15A655D700B2F814 /* Sample-4.png */; };
		D66EAA21158E6EFA004AE8E5 /* MessageUI.framework in Frameworks */ = {isa = PBXBuildFile; fileRef = D66EAA20158E6EFA004AE8E5 /* MessageUI.framework */; };
		D67C000F15D31AE3000B1BBE /* geo_location_tab.png in Resources */ = {isa = PBXBuildFile; fileRef = D67C000E15D31AE3000B1BBE /* geo_location_tab.png */; };
		D67ED0F615AE05E600109E5A /* CFNetwork.framework in Frameworks */ = {isa = PBXBuildFile; fileRef = D67ED0F515AE05E600109E5A /* CFNetwork.framework */; };
		D67ED0F915AE05F100109E5A /* libsqlite3.0.dylib in Frameworks */ = {isa = PBXBuildFile; fileRef = D67ED0F815AE05F100109E5A /* libsqlite3.0.dylib */; };
		D67ED0FE15AE064D00109E5A /* libGoogleAnalytics.a in Frameworks */ = {isa = PBXBuildFile; fileRef = D67ED0FC15AE064D00109E5A /* libGoogleAnalytics.a */; };
		D67ED0FF15AE064E00109E5A /* libGoogleAnalytics_NoThumb.a in Frameworks */ = {isa = PBXBuildFile; fileRef = D67ED0FD15AE064D00109E5A /* libGoogleAnalytics_NoThumb.a */; };
		D67ED10B15AE0F6200109E5A /* EasyTracker.m in Sources */ = {isa = PBXBuildFile; fileRef = D67ED10A15AE0F6200109E5A /* EasyTracker.m */; settings = {COMPILER_FLAGS = "-fno-objc-arc"; }; };
		D67ED11215AE16D600109E5A /* EasyTracker.plist in Resources */ = {isa = PBXBuildFile; fileRef = D67ED11115AE16D600109E5A /* EasyTracker.plist */; };
		D69D1CBA15FE8F7D008C84BF /* Default@2X.png in Resources */ = {isa = PBXBuildFile; fileRef = D69D1CB815FE8F7D008C84BF /* Default@2X.png */; };
		D69D1CBB15FE8F7D008C84BF /* Default.png in Resources */ = {isa = PBXBuildFile; fileRef = D69D1CB915FE8F7D008C84BF /* Default.png */; };
		D6A6F97715D3FC7E00783AE6 /* InAppPurchaseViewController.m in Sources */ = {isa = PBXBuildFile; fileRef = D6A6F97615D3FC7E00783AE6 /* InAppPurchaseViewController.m */; };
		D6A6F97A15D3FC9400783AE6 /* InAppPurchaseViewController.xib in Resources */ = {isa = PBXBuildFile; fileRef = D6A6F97915D3FC9400783AE6 /* InAppPurchaseViewController.xib */; };
		D6B6A66515D165ED0028CD37 /* StoreKit.framework in Frameworks */ = {isa = PBXBuildFile; fileRef = D6B6A66415D165ED0028CD37 /* StoreKit.framework */; };
		D6B6A66915D166850028CD37 /* InAPPIAPHelper.m in Sources */ = {isa = PBXBuildFile; fileRef = D6B6A66815D166850028CD37 /* InAPPIAPHelper.m */; };
		D6B6A67015D16C4B0028CD37 /* Reachability.m in Sources */ = {isa = PBXBuildFile; fileRef = D6B6A66F15D16C4B0028CD37 /* Reachability.m */; settings = {COMPILER_FLAGS = "-fno-objc-arc"; }; };
		D6B6A67215D16F950028CD37 /* SystemConfiguration.framework in Frameworks */ = {isa = PBXBuildFile; fileRef = D6B6A67115D16F950028CD37 /* SystemConfiguration.framework */; };
		D6B6A67A15D1734B0028CD37 /* PopListView.m in Sources */ = {isa = PBXBuildFile; fileRef = D6B6A67815D1734A0028CD37 /* PopListView.m */; };
		D6CCB315165F028C00A1B361 /* Default-568h@2x.png in Resources */ = {isa = PBXBuildFile; fileRef = D6CCB314165F028C00A1B361 /* Default-568h@2x.png */; };
		D6CCB317165F041A00A1B361 /* iAd.framework in Frameworks */ = {isa = PBXBuildFile; fileRef = D6CCB316165F041A00A1B361 /* iAd.framework */; };
		D6D9EF0F15B9EC2C00D22A58 /* IAPHelper.m in Sources */ = {isa = PBXBuildFile; fileRef = D6D9EF0E15B9EC2C00D22A58 /* IAPHelper.m */; };
		D6FF320015F68CB50057FFD8 /* icon3_57x57.png in Resources */ = {isa = PBXBuildFile; fileRef = D6FF31FF15F68CB50057FFD8 /* icon3_57x57.png */; };
		D6FF320315F68CD00057FFD8 /* icon3_114x114.png in Resources */ = {isa = PBXBuildFile; fileRef = D6FF320215F68CD00057FFD8 /* icon3_114x114.png */; };
/* End PBXBuildFile section */

/* Begin PBXFileReference section */
		14D2E8FA0DEF831F00195E03 /* en */ = {isa = PBXFileReference; lastKnownFileType = file.xib; name = en; path = en.lproj/MainWindow.xib; sourceTree = "<group>"; };
		1D30AB110D05D00D00671497 /* Foundation.framework */ = {isa = PBXFileReference; lastKnownFileType = wrapper.framework; name = Foundation.framework; path = System/Library/Frameworks/Foundation.framework; sourceTree = SDKROOT; };
		1D3623EB0D0F72F000981E51 /* CoreGraphics.framework */ = {isa = PBXFileReference; lastKnownFileType = wrapper.framework; name = CoreGraphics.framework; path = System/Library/Frameworks/CoreGraphics.framework; sourceTree = SDKROOT; };
		1D6058910D05DD3D006BFB54 /* GolfSwingMeter.app */ = {isa = PBXFileReference; explicitFileType = wrapper.application; includeInIndex = 0; path = GolfSwingMeter.app; sourceTree = BUILT_PRODUCTS_DIR; };
		1DF5F4DF0D08C38300B7A737 /* UIKit.framework */ = {isa = PBXFileReference; lastKnownFileType = wrapper.framework; name = UIKit.framework; path = System/Library/Frameworks/UIKit.framework; sourceTree = SDKROOT; };
		29B97316FDCFA39411CA2CEA /* main.m */ = {isa = PBXFileReference; fileEncoding = 4; lastKnownFileType = sourcecode.c.objc; path = main.m; sourceTree = "<group>"; };
		30D873950D76212900B213B8 /* AppDelegate.h */ = {isa = PBXFileReference; fileEncoding = 4; lastKnownFileType = sourcecode.c.h; path = AppDelegate.h; sourceTree = "<group>"; };
		30D873960D76212900B213B8 /* AppDelegate.m */ = {isa = PBXFileReference; fileEncoding = 4; lastKnownFileType = sourcecode.c.objc; path = AppDelegate.m; sourceTree = "<group>"; };
		32CA4F630368D1EE00C91783 /* Prefix.pch */ = {isa = PBXFileReference; fileEncoding = 4; lastKnownFileType = sourcecode.c.h; path = Prefix.pch; sourceTree = "<group>"; };
		6390467D0F7C386600F2FB94 /* MainViewController.h */ = {isa = PBXFileReference; fileEncoding = 4; lastKnownFileType = sourcecode.c.h; path = MainViewController.h; sourceTree = "<group>"; };
		6390467E0F7C386600F2FB94 /* MainViewController.m */ = {isa = PBXFileReference; fileEncoding = 4; lastKnownFileType = sourcecode.c.objc; path = MainViewController.m; sourceTree = "<group>"; };
		639046AE0F7C400300F2FB94 /* AccelerometerFilter.h */ = {isa = PBXFileReference; fileEncoding = 4; lastKnownFileType = sourcecode.c.h; path = AccelerometerFilter.h; sourceTree = "<group>"; };
		639046AF0F7C400300F2FB94 /* AccelerometerFilter.m */ = {isa = PBXFileReference; fileEncoding = 4; lastKnownFileType = sourcecode.c.objc; path = AccelerometerFilter.m; sourceTree = "<group>"; };
		6390470B0F7C4B3B00F2FB94 /* GraphView.h */ = {isa = PBXFileReference; fileEncoding = 4; lastKnownFileType = sourcecode.c.h; path = GraphView.h; sourceTree = "<group>"; };
		6390470C0F7C4B3B00F2FB94 /* GraphView.m */ = {isa = PBXFileReference; fileEncoding = 4; lastKnownFileType = sourcecode.c.objc; path = GraphView.m; sourceTree = "<group>"; };
		639A50B90FDB1BC9007BE898 /* en */ = {isa = PBXFileReference; fileEncoding = 10; lastKnownFileType = text.plist.strings; name = en; path = en.lproj/Localizable.strings; sourceTree = "<group>"; };
		63ABFA430FDDCA4800218D27 /* en */ = {isa = PBXFileReference; lastKnownFileType = file.xib; name = en; path = en.lproj/MainViewController.xib; sourceTree = "<group>"; };
		63D21B4F0F93E74800361BAB /* QuartzCore.framework */ = {isa = PBXFileReference; lastKnownFileType = wrapper.framework; name = QuartzCore.framework; path = System/Library/Frameworks/QuartzCore.framework; sourceTree = SDKROOT; };
		8D1107310486CEB800E47090 /* Info.plist */ = {isa = PBXFileReference; fileEncoding = 4; lastKnownFileType = text.plist.xml; path = Info.plist; sourceTree = "<group>"; };
		D6102D6815A254C900B2F814 /* CoreMotion.framework */ = {isa = PBXFileReference; lastKnownFileType = wrapper.framework; name = CoreMotion.framework; path = System/Library/Frameworks/CoreMotion.framework; sourceTree = SDKROOT; };
		D6102D7715A2924500B2F814 /* LJFlipsideViewController.h */ = {isa = PBXFileReference; fileEncoding = 4; lastKnownFileType = sourcecode.c.h; path = LJFlipsideViewController.h; sourceTree = "<group>"; };
		D6102D7815A2924500B2F814 /* LJFlipsideViewController.m */ = {isa = PBXFileReference; fileEncoding = 4; lastKnownFileType = sourcecode.c.objc; path = LJFlipsideViewController.m; sourceTree = "<group>"; };
		D6102D7B15A2926500B2F814 /* LJFlipsideViewController.xib */ = {isa = PBXFileReference; fileEncoding = 4; lastKnownFileType = file.xib; path = LJFlipsideViewController.xib; sourceTree = "<group>"; };
		D6102D7D15A296A400B2F814 /* ReportViewController.h */ = {isa = PBXFileReference; fileEncoding = 4; lastKnownFileType = sourcecode.c.h; path = ReportViewController.h; sourceTree = "<group>"; };
		D6102D7E15A296A400B2F814 /* ReportViewController.m */ = {isa = PBXFileReference; fileEncoding = 4; lastKnownFileType = sourcecode.c.objc; path = ReportViewController.m; sourceTree = "<group>"; };
		D6102D7F15A296A400B2F814 /* ReportViewController.xib */ = {isa = PBXFileReference; fileEncoding = 4; lastKnownFileType = file.xib; path = ReportViewController.xib; sourceTree = "<group>"; };
		D6102D9715A48E5300B2F814 /* LJWebViewController.h */ = {isa = PBXFileReference; fileEncoding = 4; lastKnownFileType = sourcecode.c.h; path = LJWebViewController.h; sourceTree = "<group>"; };
		D6102D9815A48E5300B2F814 /* LJWebViewController.m */ = {isa = PBXFileReference; fileEncoding = 4; lastKnownFileType = sourcecode.c.objc; path = LJWebViewController.m; sourceTree = "<group>"; };
		D6102D9915A48E5400B2F814 /* LJWebViewController.xib */ = {isa = PBXFileReference; fileEncoding = 4; lastKnownFileType = file.xib; path = LJWebViewController.xib; sourceTree = "<group>"; };
		D6102D9D15A48F2900B2F814 /* SVProgressHUD.bundle */ = {isa = PBXFileReference; lastKnownFileType = "wrapper.plug-in"; path = SVProgressHUD.bundle; sourceTree = "<group>"; };
		D6102D9E15A48F2900B2F814 /* SVProgressHUD.h */ = {isa = PBXFileReference; fileEncoding = 4; lastKnownFileType = sourcecode.c.h; path = SVProgressHUD.h; sourceTree = "<group>"; };
		D6102D9F15A48F2900B2F814 /* SVProgressHUD.m */ = {isa = PBXFileReference; fileEncoding = 4; lastKnownFileType = sourcecode.c.objc; path = SVProgressHUD.m; sourceTree = "<group>"; };
		D6102DA615A4BDB800B2F814 /* Prefs.h */ = {isa = PBXFileReference; fileEncoding = 4; lastKnownFileType = sourcecode.c.h; path = Prefs.h; sourceTree = "<group>"; };
		D6102DA715A4BDB800B2F814 /* Prefs.m */ = {isa = PBXFileReference; fileEncoding = 4; lastKnownFileType = sourcecode.c.objc; path = Prefs.m; sourceTree = "<group>"; };
		D6102DA915A4BDD500B2F814 /* Clubs.plist */ = {isa = PBXFileReference; fileEncoding = 4; lastKnownFileType = text.plist.xml; path = Clubs.plist; sourceTree = "<group>"; };
		D6102E1415A6547600B2F814 /* Sample-2.png */ = {isa = PBXFileReference; lastKnownFileType = image.png; name = "Sample-2.png"; path = "images/Sample-2.png"; sourceTree = "<group>"; };
		D6102E1515A6547600B2F814 /* Sample-3.png */ = {isa = PBXFileReference; lastKnownFileType = image.png; name = "Sample-3.png"; path = "images/Sample-3.png"; sourceTree = "<group>"; };
		D6102E1B15A655D700B2F814 /* Sample-1.png */ = {isa = PBXFileReference; lastKnownFileType = image.png; name = "Sample-1.png"; path = "images/Sample-1.png"; sourceTree = "<group>"; };
		D6102E1C15A655D700B2F814 /* Sample-4.png */ = {isa = PBXFileReference; lastKnownFileType = image.png; name = "Sample-4.png"; path = "images/Sample-4.png"; sourceTree = "<group>"; };
		D66EAA20158E6EFA004AE8E5 /* MessageUI.framework */ = {isa = PBXFileReference; lastKnownFileType = wrapper.framework; name = MessageUI.framework; path = System/Library/Frameworks/MessageUI.framework; sourceTree = SDKROOT; };
		D67C000E15D31AE3000B1BBE /* geo_location_tab.png */ = {isa = PBXFileReference; lastKnownFileType = image.png; path = geo_location_tab.png; sourceTree = "<group>"; };
		D67ED0F515AE05E600109E5A /* CFNetwork.framework */ = {isa = PBXFileReference; lastKnownFileType = wrapper.framework; name = CFNetwork.framework; path = System/Library/Frameworks/CFNetwork.framework; sourceTree = SDKROOT; };
		D67ED0F815AE05F100109E5A /* libsqlite3.0.dylib */ = {isa = PBXFileReference; lastKnownFileType = "compiled.mach-o.dylib"; name = libsqlite3.0.dylib; path = usr/lib/libsqlite3.0.dylib; sourceTree = SDKROOT; };
		D67ED0FB15AE064D00109E5A /* GANTracker.h */ = {isa = PBXFileReference; fileEncoding = 4; lastKnownFileType = sourcecode.c.h; path = GANTracker.h; sourceTree = "<group>"; };
		D67ED0FC15AE064D00109E5A /* libGoogleAnalytics.a */ = {isa = PBXFileReference; lastKnownFileType = archive.ar; path = libGoogleAnalytics.a; sourceTree = "<group>"; };
		D67ED0FD15AE064D00109E5A /* libGoogleAnalytics_NoThumb.a */ = {isa = PBXFileReference; lastKnownFileType = archive.ar; path = libGoogleAnalytics_NoThumb.a; sourceTree = "<group>"; };
		D67ED10915AE0F6200109E5A /* EasyTracker.h */ = {isa = PBXFileReference; fileEncoding = 4; lastKnownFileType = sourcecode.c.h; path = EasyTracker.h; sourceTree = "<group>"; };
		D67ED10A15AE0F6200109E5A /* EasyTracker.m */ = {isa = PBXFileReference; fileEncoding = 4; lastKnownFileType = sourcecode.c.objc; path = EasyTracker.m; sourceTree = "<group>"; };
		D67ED11115AE16D600109E5A /* EasyTracker.plist */ = {isa = PBXFileReference; fileEncoding = 4; lastKnownFileType = text.plist.xml; path = EasyTracker.plist; sourceTree = "<group>"; };
		D69D1CB815FE8F7D008C84BF /* Default@2X.png */ = {isa = PBXFileReference; lastKnownFileType = image.png; path = "Default@2X.png"; sourceTree = "<group>"; };
		D69D1CB915FE8F7D008C84BF /* Default.png */ = {isa = PBXFileReference; lastKnownFileType = image.png; path = Default.png; sourceTree = "<group>"; };
		D6A6F97515D3FC7E00783AE6 /* InAppPurchaseViewController.h */ = {isa = PBXFileReference; fileEncoding = 4; lastKnownFileType = sourcecode.c.h; path = InAppPurchaseViewController.h; sourceTree = "<group>"; };
		D6A6F97615D3FC7E00783AE6 /* InAppPurchaseViewController.m */ = {isa = PBXFileReference; fileEncoding = 4; lastKnownFileType = sourcecode.c.objc; path = InAppPurchaseViewController.m; sourceTree = "<group>"; };
		D6A6F97915D3FC9400783AE6 /* InAppPurchaseViewController.xib */ = {isa = PBXFileReference; fileEncoding = 4; lastKnownFileType = file.xib; path = InAppPurchaseViewController.xib; sourceTree = "<group>"; };
		D6B6A66415D165ED0028CD37 /* StoreKit.framework */ = {isa = PBXFileReference; lastKnownFileType = wrapper.framework; name = StoreKit.framework; path = System/Library/Frameworks/StoreKit.framework; sourceTree = SDKROOT; };
		D6B6A66715D166850028CD37 /* InAPPIAPHelper.h */ = {isa = PBXFileReference; fileEncoding = 4; lastKnownFileType = sourcecode.c.h; path = InAPPIAPHelper.h; sourceTree = "<group>"; };
		D6B6A66815D166850028CD37 /* InAPPIAPHelper.m */ = {isa = PBXFileReference; fileEncoding = 4; lastKnownFileType = sourcecode.c.objc; path = InAPPIAPHelper.m; sourceTree = "<group>"; };
		D6B6A66E15D16C4B0028CD37 /* Reachability.h */ = {isa = PBXFileReference; fileEncoding = 4; lastKnownFileType = sourcecode.c.h; path = Reachability.h; sourceTree = "<group>"; };
		D6B6A66F15D16C4B0028CD37 /* Reachability.m */ = {isa = PBXFileReference; fileEncoding = 4; lastKnownFileType = sourcecode.c.objc; path = Reachability.m; sourceTree = "<group>"; };
		D6B6A67115D16F950028CD37 /* SystemConfiguration.framework */ = {isa = PBXFileReference; lastKnownFileType = wrapper.framework; name = SystemConfiguration.framework; path = System/Library/Frameworks/SystemConfiguration.framework; sourceTree = SDKROOT; };
		D6B6A67815D1734A0028CD37 /* PopListView.m */ = {isa = PBXFileReference; fileEncoding = 4; lastKnownFileType = sourcecode.c.objc; path = PopListView.m; sourceTree = "<group>"; };
		D6B6A67915D1734A0028CD37 /* PopListView.h */ = {isa = PBXFileReference; fileEncoding = 4; lastKnownFileType = sourcecode.c.h; path = PopListView.h; sourceTree = "<group>"; };
		D6CCB314165F028C00A1B361 /* Default-568h@2x.png */ = {isa = PBXFileReference; lastKnownFileType = image.png; path = "Default-568h@2x.png"; sourceTree = "<group>"; };
		D6CCB316165F041A00A1B361 /* iAd.framework */ = {isa = PBXFileReference; lastKnownFileType = wrapper.framework; name = iAd.framework; path = System/Library/Frameworks/iAd.framework; sourceTree = SDKROOT; };
		D6D9EF0D15B9EC2C00D22A58 /* IAPHelper.h */ = {isa = PBXFileReference; fileEncoding = 4; lastKnownFileType = sourcecode.c.h; path = IAPHelper.h; sourceTree = "<group>"; };
		D6D9EF0E15B9EC2C00D22A58 /* IAPHelper.m */ = {isa = PBXFileReference; fileEncoding = 4; lastKnownFileType = sourcecode.c.objc; path = IAPHelper.m; sourceTree = "<group>"; };
		D6FF31FF15F68CB50057FFD8 /* icon3_57x57.png */ = {isa = PBXFileReference; lastKnownFileType = image.png; path = icon3_57x57.png; sourceTree = "<group>"; };
		D6FF320215F68CD00057FFD8 /* icon3_114x114.png */ = {isa = PBXFileReference; lastKnownFileType = image.png; path = icon3_114x114.png; sourceTree = "<group>"; };
/* End PBXFileReference section */

/* Begin PBXFrameworksBuildPhase section */
		1D60588F0D05DD3D006BFB54 /* Frameworks */ = {
			isa = PBXFrameworksBuildPhase;
			buildActionMask = 2147483647;
			files = (
				D6CCB317165F041A00A1B361 /* iAd.framework in Frameworks */,
				D6B6A67215D16F950028CD37 /* SystemConfiguration.framework in Frameworks */,
				D6B6A66515D165ED0028CD37 /* StoreKit.framework in Frameworks */,
				D67ED0F915AE05F100109E5A /* libsqlite3.0.dylib in Frameworks */,
				D67ED0F615AE05E600109E5A /* CFNetwork.framework in Frameworks */,
				D6102D6915A254C900B2F814 /* CoreMotion.framework in Frameworks */,
				D66EAA21158E6EFA004AE8E5 /* MessageUI.framework in Frameworks */,
				1D60589F0D05DD5A006BFB54 /* Foundation.framework in Frameworks */,
				1DF5F4E00D08C38300B7A737 /* UIKit.framework in Frameworks */,
				188D3E9A0D6D207B0076AE1E /* CoreGraphics.framework in Frameworks */,
				63D21B500F93E74800361BAB /* QuartzCore.framework in Frameworks */,
				D67ED0FE15AE064D00109E5A /* libGoogleAnalytics.a in Frameworks */,
				D67ED0FF15AE064E00109E5A /* libGoogleAnalytics_NoThumb.a in Frameworks */,
			);
			runOnlyForDeploymentPostprocessing = 0;
		};
/* End PBXFrameworksBuildPhase section */

/* Begin PBXGroup section */
		19C28FACFE9D520D11CA2CBB /* Products */ = {
			isa = PBXGroup;
			children = (
				1D6058910D05DD3D006BFB54 /* GolfSwingMeter.app */,
			);
			name = Products;
			sourceTree = "<group>";
		};
		29B97314FDCFA39411CA2CEA /* CustomTemplate */ = {
			isa = PBXGroup;
			children = (
				D6CCB314165F028C00A1B361 /* Default-568h@2x.png */,
				D69D1CB815FE8F7D008C84BF /* Default@2X.png */,
				D69D1CB915FE8F7D008C84BF /* Default.png */,
				D6FF320215F68CD00057FFD8 /* icon3_114x114.png */,
				D6FF31FF15F68CB50057FFD8 /* icon3_57x57.png */,
				D67ED10815AE0F3D00109E5A /* Google Analytics EasyTracking SDK */,
				D67ED0FA15AE064D00109E5A /* Google Analytics */,
				2D500B1D0D5A766B00DBA0E3 /* Classes */,
				29B97315FDCFA39411CA2CEA /* Other Sources */,
				29B97317FDCFA39411CA2CEA /* Resources */,
				29B97323FDCFA39411CA2CEA /* Frameworks */,
				19C28FACFE9D520D11CA2CBB /* Products */,
			);
			name = CustomTemplate;
			sourceTree = "<group>";
		};
		29B97315FDCFA39411CA2CEA /* Other Sources */ = {
			isa = PBXGroup;
			children = (
				32CA4F630368D1EE00C91783 /* Prefix.pch */,
				29B97316FDCFA39411CA2CEA /* main.m */,
			);
			name = "Other Sources";
			sourceTree = "<group>";
		};
		29B97317FDCFA39411CA2CEA /* Resources */ = {
			isa = PBXGroup;
			children = (
				D67C000E15D31AE3000B1BBE /* geo_location_tab.png */,
				D67ED11115AE16D600109E5A /* EasyTracker.plist */,
				D6102E1B15A655D700B2F814 /* Sample-1.png */,
				D6102E1C15A655D700B2F814 /* Sample-4.png */,
				D6102E1415A6547600B2F814 /* Sample-2.png */,
				D6102E1515A6547600B2F814 /* Sample-3.png */,
				63ABFA420FDDCA4800218D27 /* MainViewController.xib */,
				14D2E8F80DEF831F00195E03 /* MainWindow.xib */,
				639A50B80FDB1BC9007BE898 /* Localizable.strings */,
				8D1107310486CEB800E47090 /* Info.plist */,
			);
			name = Resources;
			sourceTree = "<group>";
		};
		29B97323FDCFA39411CA2CEA /* Frameworks */ = {
			isa = PBXGroup;
			children = (
				D6CCB316165F041A00A1B361 /* iAd.framework */,
				D6B6A67115D16F950028CD37 /* SystemConfiguration.framework */,
				D6B6A66415D165ED0028CD37 /* StoreKit.framework */,
				D67ED0F815AE05F100109E5A /* libsqlite3.0.dylib */,
				D67ED0F515AE05E600109E5A /* CFNetwork.framework */,
				D6102D6815A254C900B2F814 /* CoreMotion.framework */,
				D66EAA20158E6EFA004AE8E5 /* MessageUI.framework */,
				63D21B4F0F93E74800361BAB /* QuartzCore.framework */,
				1D3623EB0D0F72F000981E51 /* CoreGraphics.framework */,
				1DF5F4DF0D08C38300B7A737 /* UIKit.framework */,
				1D30AB110D05D00D00671497 /* Foundation.framework */,
			);
			name = Frameworks;
			sourceTree = "<group>";
		};
		2D500B1D0D5A766B00DBA0E3 /* Classes */ = {
			isa = PBXGroup;
			children = (
				D6102D9C15A48F2900B2F814 /* SVProgressHUD */,
				D6102D9715A48E5300B2F814 /* LJWebViewController.h */,
				D6102D9815A48E5300B2F814 /* LJWebViewController.m */,
				D6102D9915A48E5400B2F814 /* LJWebViewController.xib */,
				D6102D7715A2924500B2F814 /* LJFlipsideViewController.h */,
				D6102D7815A2924500B2F814 /* LJFlipsideViewController.m */,
				D6102D7B15A2926500B2F814 /* LJFlipsideViewController.xib */,
				639046AE0F7C400300F2FB94 /* AccelerometerFilter.h */,
				639046AF0F7C400300F2FB94 /* AccelerometerFilter.m */,
				30D873950D76212900B213B8 /* AppDelegate.h */,
				30D873960D76212900B213B8 /* AppDelegate.m */,
				6390467D0F7C386600F2FB94 /* MainViewController.h */,
				6390467E0F7C386600F2FB94 /* MainViewController.m */,
				D6B6A67815D1734A0028CD37 /* PopListView.m */,
				D6B6A67915D1734A0028CD37 /* PopListView.h */,
				6390470B0F7C4B3B00F2FB94 /* GraphView.h */,
				6390470C0F7C4B3B00F2FB94 /* GraphView.m */,
				D6102D7D15A296A400B2F814 /* ReportViewController.h */,
				D6102D7E15A296A400B2F814 /* ReportViewController.m */,
				D6102D7F15A296A400B2F814 /* ReportViewController.xib */,
				D6102DA615A4BDB800B2F814 /* Prefs.h */,
				D6102DA715A4BDB800B2F814 /* Prefs.m */,
				D6102DA915A4BDD500B2F814 /* Clubs.plist */,
				D6D9EF0D15B9EC2C00D22A58 /* IAPHelper.h */,
				D6D9EF0E15B9EC2C00D22A58 /* IAPHelper.m */,
				D6B6A66E15D16C4B0028CD37 /* Reachability.h */,
				D6B6A66F15D16C4B0028CD37 /* Reachability.m */,
				D6A6F97515D3FC7E00783AE6 /* InAppPurchaseViewController.h */,
				D6A6F97615D3FC7E00783AE6 /* InAppPurchaseViewController.m */,
				D6A6F97915D3FC9400783AE6 /* InAppPurchaseViewController.xib */,
				D6B6A66715D166850028CD37 /* InAPPIAPHelper.h */,
				D6B6A66815D166850028CD37 /* InAPPIAPHelper.m */,
			);
			name = Classes;
			sourceTree = "<group>";
		};
		D6102D9C15A48F2900B2F814 /* SVProgressHUD */ = {
			isa = PBXGroup;
			children = (
				D6102D9D15A48F2900B2F814 /* SVProgressHUD.bundle */,
				D6102D9E15A48F2900B2F814 /* SVProgressHUD.h */,
				D6102D9F15A48F2900B2F814 /* SVProgressHUD.m */,
			);
			path = SVProgressHUD;
			sourceTree = "<group>";
		};
		D67ED0FA15AE064D00109E5A /* Google Analytics */ = {
			isa = PBXGroup;
			children = (
				D67ED0FB15AE064D00109E5A /* GANTracker.h */,
				D67ED0FC15AE064D00109E5A /* libGoogleAnalytics.a */,
				D67ED0FD15AE064D00109E5A /* libGoogleAnalytics_NoThumb.a */,
			);
			name = "Google Analytics";
			path = Library;
			sourceTree = "<group>";
		};
		D67ED10815AE0F3D00109E5A /* Google Analytics EasyTracking SDK */ = {
			isa = PBXGroup;
			children = (
				D67ED10915AE0F6200109E5A /* EasyTracker.h */,
				D67ED10A15AE0F6200109E5A /* EasyTracker.m */,
			);
			name = "Google Analytics EasyTracking SDK";
			sourceTree = "<group>";
		};
/* End PBXGroup section */

/* Begin PBXNativeTarget section */
		1D6058900D05DD3D006BFB54 /* GolfSwingMeter */ = {
			isa = PBXNativeTarget;
			buildConfigurationList = 1D6058960D05DD3E006BFB54 /* Build configuration list for PBXNativeTarget "GolfSwingMeter" */;
			buildPhases = (
				1D60588D0D05DD3D006BFB54 /* Resources */,
				1D60588E0D05DD3D006BFB54 /* Sources */,
				1D60588F0D05DD3D006BFB54 /* Frameworks */,
			);
			buildRules = (
			);
			dependencies = (
			);
			name = GolfSwingMeter;
			productName = AccelerometerGraph;
			productReference = 1D6058910D05DD3D006BFB54 /* GolfSwingMeter.app */;
			productType = "com.apple.product-type.application";
		};
/* End PBXNativeTarget section */

/* Begin PBXProject section */
		29B97313FDCFA39411CA2CEA /* Project object */ = {
			isa = PBXProject;
			attributes = {
				LastUpgradeCheck = 0430;
			};
			buildConfigurationList = C01FCF4E08A954540054247B /* Build configuration list for PBXProject "GolfSwingMeter" */;
			compatibilityVersion = "Xcode 3.2";
			developmentRegion = English;
			hasScannedForEncodings = 1;
			knownRegions = (
				English,
				Japanese,
				French,
				German,
				en,
			);
			mainGroup = 29B97314FDCFA39411CA2CEA /* CustomTemplate */;
			projectDirPath = "";
			projectRoot = "";
			targets = (
				1D6058900D05DD3D006BFB54 /* GolfSwingMeter */,
			);
		};
/* End PBXProject section */

/* Begin PBXResourcesBuildPhase section */
		1D60588D0D05DD3D006BFB54 /* Resources */ = {
			isa = PBXResourcesBuildPhase;
			buildActionMask = 2147483647;
			files = (
				14D2E8F90DEF831F00195E03 /* MainWindow.xib in Resources */,
				639A50BA0FDB1BC9007BE898 /* Localizable.strings in Resources */,
				63ABFA440FDDCA4800218D27 /* MainViewController.xib in Resources */,
				D6102D7C15A2926500B2F814 /* LJFlipsideViewController.xib in Resources */,
				D6102D8115A296A400B2F814 /* ReportViewController.xib in Resources */,
				D6102D9B15A48E5400B2F814 /* LJWebViewController.xib in Resources */,
				D6102DA015A48F2900B2F814 /* SVProgressHUD.bundle in Resources */,
				D6102DAA15A4BDD500B2F814 /* Clubs.plist in Resources */,
				D6102E1815A6547600B2F814 /* Sample-2.png in Resources */,
				D6102E1915A6547600B2F814 /* Sample-3.png in Resources */,
				D6102E1D15A655D700B2F814 /* Sample-1.png in Resources */,
				D6102E1E15A655D700B2F814 /* Sample-4.png in Resources */,
				D67ED11215AE16D600109E5A /* EasyTracker.plist in Resources */,
				D67C000F15D31AE3000B1BBE /* geo_location_tab.png in Resources */,
				D6A6F97A15D3FC9400783AE6 /* InAppPurchaseViewController.xib in Resources */,
				D6FF320015F68CB50057FFD8 /* icon3_57x57.png in Resources */,
				D6FF320315F68CD00057FFD8 /* icon3_114x114.png in Resources */,
				D69D1CBA15FE8F7D008C84BF /* Default@2X.png in Resources */,
				D69D1CBB15FE8F7D008C84BF /* Default.png in Resources */,
				D6CCB315165F028C00A1B361 /* Default-568h@2x.png in Resources */,
			);
			runOnlyForDeploymentPostprocessing = 0;
		};
/* End PBXResourcesBuildPhase section */

/* Begin PBXSourcesBuildPhase section */
		1D60588E0D05DD3D006BFB54 /* Sources */ = {
			isa = PBXSourcesBuildPhase;
			buildActionMask = 2147483647;
			files = (
				1D60589B0D05DD56006BFB54 /* main.m in Sources */,
				30D873970D76212900B213B8 /* AppDelegate.m in Sources */,
				6390467F0F7C386600F2FB94 /* MainViewController.m in Sources */,
				639046B00F7C400300F2FB94 /* AccelerometerFilter.m in Sources */,
				6390470D0F7C4B3B00F2FB94 /* GraphView.m in Sources */,
				D6102D7915A2924500B2F814 /* LJFlipsideViewController.m in Sources */,
				D6102D8015A296A400B2F814 /* ReportViewController.m in Sources */,
				D6102D9A15A48E5400B2F814 /* LJWebViewController.m in Sources */,
				D6102DA115A48F2900B2F814 /* SVProgressHUD.m in Sources */,
				D6102DA815A4BDB900B2F814 /* Prefs.m in Sources */,
				D67ED10B15AE0F6200109E5A /* EasyTracker.m in Sources */,
				D6D9EF0F15B9EC2C00D22A58 /* IAPHelper.m in Sources */,
				D6B6A66915D166850028CD37 /* InAPPIAPHelper.m in Sources */,
				D6B6A67015D16C4B0028CD37 /* Reachability.m in Sources */,
				D6B6A67A15D1734B0028CD37 /* PopListView.m in Sources */,
				D6A6F97715D3FC7E00783AE6 /* InAppPurchaseViewController.m in Sources */,
			);
			runOnlyForDeploymentPostprocessing = 0;
		};
/* End PBXSourcesBuildPhase section */

/* Begin PBXVariantGroup section */
		14D2E8F80DEF831F00195E03 /* MainWindow.xib */ = {
			isa = PBXVariantGroup;
			children = (
				14D2E8FA0DEF831F00195E03 /* en */,
			);
			name = MainWindow.xib;
			sourceTree = "<group>";
		};
		639A50B80FDB1BC9007BE898 /* Localizable.strings */ = {
			isa = PBXVariantGroup;
			children = (
				639A50B90FDB1BC9007BE898 /* en */,
			);
			name = Localizable.strings;
			sourceTree = "<group>";
		};
		63ABFA420FDDCA4800218D27 /* MainViewController.xib */ = {
			isa = PBXVariantGroup;
			children = (
				63ABFA430FDDCA4800218D27 /* en */,
			);
			name = MainViewController.xib;
			sourceTree = "<group>";
		};
/* End PBXVariantGroup section */

/* Begin XCBuildConfiguration section */
		1D6058940D05DD3E006BFB54 /* Debug */ = {
			isa = XCBuildConfiguration;
			buildSettings = {
				ALWAYS_SEARCH_USER_PATHS = NO;
				CLANG_ENABLE_OBJC_ARC = YES;
				CODE_SIGN_IDENTITY = "iPhone Developer: Liangjun Jiang (NLHVYBKJKH)";
				COMPRESS_PNG_FILES = NO;
				COPY_PHASE_STRIP = NO;
				DEBUG_INFORMATION_FORMAT = "dwarf-with-dsym";
				GCC_DYNAMIC_NO_PIC = NO;
				GCC_OPTIMIZATION_LEVEL = 0;
				GCC_PRECOMPILE_PREFIX_HEADER = YES;
				GCC_PREFIX_HEADER = Prefix.pch;
				GCC_VERSION = com.apple.compilers.llvm.clang.1_0;
				INFOPLIST_FILE = Info.plist;
				IPHONEOS_DEPLOYMENT_TARGET = 5.0;
				LIBRARY_SEARCH_PATHS = (
					"$(inherited)",
					"\"$(SRCROOT)/Library\"",
				);
				PRODUCT_NAME = GolfSwingMeter;
				PROVISIONING_PROFILE = "FFFFD1B6-53BF-47D1-93B7-14B8A5852B3C";
				WARNING_CFLAGS = "-Wall";
			};
			name = Debug;
		};
		1D6058950D05DD3E006BFB54 /* Release */ = {
			isa = XCBuildConfiguration;
			buildSettings = {
				ALWAYS_SEARCH_USER_PATHS = NO;
				CLANG_ENABLE_OBJC_ARC = YES;
				CODE_SIGN_IDENTITY = "iPhone Distribution";
				COMPRESS_PNG_FILES = NO;
				COPY_PHASE_STRIP = YES;
				DEBUG_INFORMATION_FORMAT = "dwarf-with-dsym";
				GCC_PRECOMPILE_PREFIX_HEADER = YES;
				GCC_PREFIX_HEADER = Prefix.pch;
				GCC_VERSION = com.apple.compilers.llvm.clang.1_0;
				INFOPLIST_FILE = Info.plist;
				IPHONEOS_DEPLOYMENT_TARGET = 5.0;
				LIBRARY_SEARCH_PATHS = (
					"$(inherited)",
					"\"$(SRCROOT)/Library\"",
				);
				ONLY_ACTIVE_ARCH = YES;
				PRODUCT_NAME = GolfSwingMeter;
				PROVISIONING_PROFILE = "";
				WARNING_CFLAGS = "-Wall";
			};
			name = Release;
		};
		C01FCF4F08A954540054247B /* Debug */ = {
			isa = XCBuildConfiguration;
			buildSettings = {
				ALWAYS_SEARCH_USER_PATHS = NO;
				ARCHS = "$(ARCHS_STANDARD_32_BIT)";
				CODE_SIGN_IDENTITY = "iPhone Developer";
				"CODE_SIGN_IDENTITY[sdk=iphoneos*]" = "iPhone Developer";
				GCC_C_LANGUAGE_STANDARD = c99;
				GCC_WARN_ABOUT_RETURN_TYPE = YES;
				GCC_WARN_UNUSED_VARIABLE = YES;
				IPHONEOS_DEPLOYMENT_TARGET = 6.0;
				ONLY_ACTIVE_ARCH = YES;
				PROVISIONING_PROFILE = "";
				SDKROOT = iphoneos;
			};
			name = Debug;
		};
		C01FCF5008A954540054247B /* Release */ = {
			isa = XCBuildConfiguration;
			buildSettings = {
				ALWAYS_SEARCH_USER_PATHS = NO;
				ARCHS = "$(ARCHS_STANDARD_32_BIT)";
				CODE_SIGN_IDENTITY = "iPhone Distribution: Liangjun Jiang";
				"CODE_SIGN_IDENTITY[sdk=iphoneos*]" = "iPhone Distribution: Liangjun Jiang";
				GCC_C_LANGUAGE_STANDARD = c99;
				GCC_WARN_ABOUT_RETURN_TYPE = YES;
				GCC_WARN_UNUSED_VARIABLE = YES;
				IPHONEOS_DEPLOYMENT_TARGET = 6.0;
				ONLY_ACTIVE_ARCH = YES;
				PROVISIONING_PROFILE = "234A11ED-AAC3-479A-A70B-3C214C6A9720";
				"PROVISIONING_PROFILE[sdk=iphoneos*]" = "234A11ED-AAC3-479A-A70B-3C214C6A9720";
				SDKROOT = iphoneos;
			};
			name = Release;
		};
/* End XCBuildConfiguration section */

/* Begin XCConfigurationList section */
		1D6058960D05DD3E006BFB54 /* Build configuration list for PBXNativeTarget "GolfSwingMeter" */ = {
			isa = XCConfigurationList;
			buildConfigurations = (
				1D6058940D05DD3E006BFB54 /* Debug */,
				1D6058950D05DD3E006BFB54 /* Release */,
			);
			defaultConfigurationIsVisible = 0;
			defaultConfigurationName = Release;
		};
		C01FCF4E08A954540054247B /* Build configuration list for PBXProject "GolfSwingMeter" */ = {
			isa = XCConfigurationList;
			buildConfigurations = (
				C01FCF4F08A954540054247B /* Debug */,
				C01FCF5008A954540054247B /* Release */,
			);
			defaultConfigurationIsVisible = 0;
			defaultConfigurationName = Release;
		};
/* End XCConfigurationList section */
	};
	rootObject = 29B97313FDCFA39411CA2CEA /* Project object */;
}
